
Microsoft Visual Studio Solution File, Format Version 12.00
# Visual Studio 15
VisualStudioVersion = 15.0.26430.6
MinimumVisualStudioVersion = 10.0.40219.1
Project("{2150E333-8FDC-42A3-9474-1A3956D46DE8}") = "src", "src", "{1D7A16D3-8C2B-4E77-8CEF-0638933A91E7}"
EndProject
Project("{2150E333-8FDC-42A3-9474-1A3956D46DE8}") = "Solution Items", "Solution Items", "{4584599C-8F10-474F-BBB5-B6528AC251A7}"
	ProjectSection(SolutionItems) = preProject
		.gitignore = .gitignore
		.gitmodules = .gitmodules
		appveyor.yml = appveyor.yml
		build.ps1 = build.ps1
		LICENSE = LICENSE
		nuget.config = nuget.config
		project.props = project.props
		README.md = README.md
	EndProjectSection
EndProject
Project("{FAE04EC0-301F-11D3-BF4B-00C04F79EFBC}") = "Alium.Security.Abstractions", "src\Alium.Security.Abstractions\Alium.Security.Abstractions.csproj", "{0B0D2BED-1CDD-406A-98CA-1990DC74A538}"
EndProject
Global
	GlobalSection(SolutionConfigurationPlatforms) = preSolution
		Debug|Any CPU = Debug|Any CPU
		Release|Any CPU = Release|Any CPU
	EndGlobalSection
	GlobalSection(ProjectConfigurationPlatforms) = postSolution
		{0B0D2BED-1CDD-406A-98CA-1990DC74A538}.Debug|Any CPU.ActiveCfg = Debug|Any CPU
		{0B0D2BED-1CDD-406A-98CA-1990DC74A538}.Debug|Any CPU.Build.0 = Debug|Any CPU
		{0B0D2BED-1CDD-406A-98CA-1990DC74A538}.Release|Any CPU.ActiveCfg = Release|Any CPU
		{0B0D2BED-1CDD-406A-98CA-1990DC74A538}.Release|Any CPU.Build.0 = Release|Any CPU
	EndGlobalSection
	GlobalSection(SolutionProperties) = preSolution
		HideSolutionNode = FALSE
	EndGlobalSection
	GlobalSection(NestedProjects) = preSolution
		{0B0D2BED-1CDD-406A-98CA-1990DC74A538} = {1D7A16D3-8C2B-4E77-8CEF-0638933A91E7}
	EndGlobalSection
EndGlobal
